github.com/lib/pq v1.10.9 h1:YXG7RB+JIjhP29X+OtkiDnYaXQwpS4JEWq7dtCCRUEw=
github.com/lib/pq v1.10.9/go.mod h1:AlVN5x4E4T544tWzH6hKfbfQvm3HdbOxrmggDNAPY9o=
github.com/snusEbjoer/todo-utils v0.0.0-20240427111346-a74769107f00 h1:D/aaXI9AhyEX52wwiTpdSTdajvzzYWhUpVoiAFcyOeI=
github.com/snusEbjoer/todo-utils v0.0.0-20240427111346-a74769107f00/go.mod h1:2cFycGkAkPtIezxh3UknYdTGNFzwOzPCPMBdzCHpUTw=
