github.com/davecgh/go-spew v1.1.0/go.mod h1:J7Y8YcW2NihsgmVo/mv3lAwl/skON4iLHjSsI+c5H38=
github.com/davecgh/go-spew v1.1.1/go.mod h1:J7Y8YcW2NihsgmVo/mv3lAwl/skON4iLHjSsI+c5H38=
github.com/golang-jwt/jwt v3.2.2+incompatible h1:IfV12K8xAKAnZqdXVzCZ+TOjboZ2keLg81eXfW3O+oY=
github.com/golang-jwt/jwt v3.2.2+incompatible/go.mod h1:8pz2t5EyA70fFQQSrl6XZXzqecmYZeUEB8OUGHkxJ+I=
github.com/kr/pretty v0.1.0/go.mod h1:dAy3ld7l9f0ibDNOQOHHMYYIIbhfbHSm3C4ZsoJORNo=
github.com/kr/pty v1.1.1/go.mod h1:pFQYn66WHrOpPYNljwOMqo10TkYh1fy3cYio2l3bCsQ=
github.com/kr/text v0.1.0/go.mod h1:4Jbv+DJW3UT/LiOwJeYQe1efqtUx/iVham/4vfdArNI=
github.com/lib/pq v1.10.9 h1:YXG7RB+JIjhP29X+OtkiDnYaXQwpS4JEWq7dtCCRUEw=
github.com/lib/pq v1.10.9/go.mod h1:AlVN5x4E4T544tWzH6hKfbfQvm3HdbOxrmggDNAPY9o=
github.com/pmezard/go-difflib v1.0.0/go.mod h1:iKH77koFhYxTK1pcRnkKkqfTogsbg7gZNVY4sRDYZ/4=
github.com/rabbitmq/amqp091-go v1.9.0 h1:qrQtyzB4H8BQgEuJwhmVQqVHB9O4+MNDJCCAcpc3Aoo=
github.com/rabbitmq/amqp091-go v1.9.0/go.mod h1:+jPrT9iY2eLjRaMSRHUhc3z14E/l85kv/f+6luSD3pc=
github.com/snusEbjoer/todo-utils v0.0.0-20240418171428-a8a69b7f217f h1:UmMCMVdGh2wEbUg18dBIPd4nRgW2VR2tMRM2f1V6qJk=
github.com/snusEbjoer/todo-utils v0.0.0-20240418171428-a8a69b7f217f/go.mod h1:dVZ/dwohS5xrrxlaqRpo6e6GSJjH1HCAJHBC3YU4GIs=
github.com/snusEbjoer/todo-utils v0.0.0-20240420144723-fffe7d814055 h1:qtsSFRJ9dWYRI7FrSLnT6Dh9OrMwK/ctuvD98pXrE3c=
github.com/snusEbjoer/todo-utils v0.0.0-20240420144723-fffe7d814055/go.mod h1:O6rQUMyyMgtBCTIDsdMpP5gZmw70Dn9hVB3E8iu5JaY=
github.com/snusEbjoer/todo-utils v0.0.0-20240420150924-2edd521c3bec h1:8U2VcfOPo04P1Je9WYWJ5KahivxnbgUH5zoSuNT+SlA=
github.com/snusEbjoer/todo-utils v0.0.0-20240420150924-2edd521c3bec/go.mod h1:2cFycGkAkPtIezxh3UknYdTGNFzwOzPCPMBdzCHpUTw=
github.com/snusEbjoer/todo-utils v0.0.0-20240420153455-5f7e3b6185db h1:YIbjGvaLhq9o/n9mtjaEKo+lps8zFy78RgKKOtCbgdE=
github.com/snusEbjoer/todo-utils v0.0.0-20240420153455-5f7e3b6185db/go.mod h1:2cFycGkAkPtIezxh3UknYdTGNFzwOzPCPMBdzCHpUTw=
github.com/snusEbjoer/todo-utils v0.0.0-20240420155822-e7c4f6b5eb9f h1:xj7u98aCo10FaeXo0v805NporfPqGNVXKTR2KlKaOHM=
github.com/snusEbjoer/todo-utils v0.0.0-20240420155822-e7c4f6b5eb9f/go.mod h1:2cFycGkAkPtIezxh3UknYdTGNFzwOzPCPMBdzCHpUTw=
github.com/snusEbjoer/todo-utils v0.0.0-20240420162448-cf0bc48fb3f0 h1:4AQGeogEWpS6fbLipedI5zHWfy2gur6zvQVe+E5Orvc=
github.com/snusEbjoer/todo-utils v0.0.0-20240420162448-cf0bc48fb3f0/go.mod h1:2cFycGkAkPtIezxh3UknYdTGNFzwOzPCPMBdzCHpUTw=
github.com/snusEbjoer/todo-utils v0.0.0-20240420182446-0611e4131d33 h1:DcH9zOVsj4UeDWvz2FUoUK7aUrsnIGlFDpIqvKTeUm4=
github.com/snusEbjoer/todo-utils v0.0.0-20240420182446-0611e4131d33/go.mod h1:2cFycGkAkPtIezxh3UknYdTGNFzwOzPCPMBdzCHpUTw=
github.com/snusEbjoer/todo-utils v0.0.0-20240421095718-d6267713f07f h1:hvDEWdGiMVv6DjHXzhxMPA5CA0v07aLRmFI1uiucs1o=
github.com/snusEbjoer/todo-utils v0.0.0-20240421095718-d6267713f07f/go.mod h1:2cFycGkAkPtIezxh3UknYdTGNFzwOzPCPMBdzCHpUTw=
github.com/snusEbjoer/todo-utils v0.0.0-20240421115712-0678d889a20b h1:77y7FeqwyCEKx9Zns8d/txwzCfL9BLJHSffAPAN34gQ=
github.com/snusEbjoer/todo-utils v0.0.0-20240421115712-0678d889a20b/go.mod h1:2cFycGkAkPtIezxh3UknYdTGNFzwOzPCPMBdzCHpUTw=
github.com/snusEbjoer/todo-utils v0.0.0-20240421144207-476241be6ebf h1:FTrYdt0DT4yhMdHpuaOutHs6EisUeG/JwunoII5sU8s=
github.com/snusEbjoer/todo-utils v0.0.0-20240421144207-476241be6ebf/go.mod h1:2cFycGkAkPtIezxh3UknYdTGNFzwOzPCPMBdzCHpUTw=
github.com/snusEbjoer/todo-utils v0.0.0-20240426103829-8a952828dfb6 h1:ZEqkkAGNOCrll/2unxI0cDvOCparsLbdee6Co/j3GeY=
github.com/snusEbjoer/todo-utils v0.0.0-20240426103829-8a952828dfb6/go.mod h1:2cFycGkAkPtIezxh3UknYdTGNFzwOzPCPMBdzCHpUTw=
github.com/snusEbjoer/todo-utils v0.0.0-20240426112420-aa7fc508f99f h1:CtJ/lRWbpHubRWNtJDNQcsHxN7JypJetZCB/NoQ67J8=
github.com/snusEbjoer/todo-utils v0.0.0-20240426112420-aa7fc508f99f/go.mod h1:2cFycGkAkPtIezxh3UknYdTGNFzwOzPCPMBdzCHpUTw=
github.com/snusEbjoer/todo-utils v0.0.0-20240426142411-d99fec93da54 h1:Bk3GNWzvZu0c+w4HsGLzTm9HLVb4Oi2Ssgu/oyMDcFY=
github.com/snusEbjoer/todo-utils v0.0.0-20240426142411-d99fec93da54/go.mod h1:2cFycGkAkPtIezxh3UknYdTGNFzwOzPCPMBdzCHpUTw=
github.com/snusEbjoer/todo-utils v0.0.0-20240426185959-75fad6b82679 h1:abl6FxsIgWuyMHI7UxV16b/w3Yd1mUZpZf0t3DpKG7w=
github.com/snusEbjoer/todo-utils v0.0.0-20240426185959-75fad6b82679/go.mod h1:2cFycGkAkPtIezxh3UknYdTGNFzwOzPCPMBdzCHpUTw=
github.com/snusEbjoer/todo-utils v0.0.0-20240426195554-ade26e6fd835 h1:t9cRX7w0JLwbT75CA7pABLdzoSudy9iywp1Ijf7K8QY=
github.com/snusEbjoer/todo-utils v0.0.0-20240426195554-ade26e6fd835/go.mod h1:2cFycGkAkPtIezxh3UknYdTGNFzwOzPCPMBdzCHpUTw=
github.com/snusEbjoer/todo-utils v0.0.0-20240426200058-013543fbb031 h1:fVle2+NCXP9uyT59b0c3GxrjGPx7bYUkpvV2zcjIGl0=
github.com/snusEbjoer/todo-utils v0.0.0-20240426200058-013543fbb031/go.mod h1:2cFycGkAkPtIezxh3UknYdTGNFzwOzPCPMBdzCHpUTw=
github.com/snusEbjoer/todo-utils v0.0.0-20240427060955-15449a5d313d h1:TalwTfTjzVFX61BUdyRgUN64ClIclkmvUlU6YwcMSEw=
github.com/snusEbjoer/todo-utils v0.0.0-20240427060955-15449a5d313d/go.mod h1:2cFycGkAkPtIezxh3UknYdTGNFzwOzPCPMBdzCHpUTw=
github.com/snusEbjoer/todo-utils v0.0.0-20240427064831-6e77ffd9fef0 h1:awQHmPpNscwgYwnYnefS8gs9k2bBhNpi43ctDsG7iNE=
github.com/snusEbjoer/todo-utils v0.0.0-20240427064831-6e77ffd9fef0/go.mod h1:2cFycGkAkPtIezxh3UknYdTGNFzwOzPCPMBdzCHpUTw=
github.com/snusEbjoer/todo-utils v0.0.0-20240427111346-a74769107f00 h1:D/aaXI9AhyEX52wwiTpdSTdajvzzYWhUpVoiAFcyOeI=
github.com/snusEbjoer/todo-utils v0.0.0-20240427111346-a74769107f00/go.mod h1:2cFycGkAkPtIezxh3UknYdTGNFzwOzPCPMBdzCHpUTw=
github.com/snusEbjoer/todo-utils v0.0.0-20240427140935-4285ae7e9504 h1:OpZuJ2ookgxo2+G7lkrAbPnkG+/rLGqj6ccrnJleln0=
github.com/snusEbjoer/todo-utils v0.0.0-20240427140935-4285ae7e9504/go.mod h1:2cFycGkAkPtIezxh3UknYdTGNFzwOzPCPMBdzCHpUTw=
github.com/stretchr/objx v0.1.0/go.mod h1:HFkY916IF+rwdDfMAkV7OtwuqBVzrE8GR6GFx+wExME=
github.com/stretchr/objx v0.4.0/go.mod h1:YvHI0jy2hoMjB+UWwv71VJQ9isScKT/TqJzVSSt89Yw=
github.com/stretchr/testify v1.7.1/go.mod h1:6Fq8oRcR53rry900zMqJjRRixrwX3KX962/h/Wwjteg=
github.com/stretchr/testify v1.8.0/go.mod h1:yNjHg4UonilssWZ8iaSj1OCr/vHnekPRkoO+kdMU+MU=
go.uber.org/goleak v1.2.1/go.mod h1:qlT2yGI9QafXHhZZLxlSuNsMw3FFLxBr+tBRlmO1xH4=
golang.org/x/crypto v0.22.0 h1:g1v0xeRhjcugydODzvb3mEM9SQ0HGp9s/nh3COQ/C30=
golang.org/x/crypto v0.22.0/go.mod h1:vr6Su+7cTlO45qkww3VDJlzDn0ctJvRgYbC2NvXHt+M=
gopkg.in/check.v1 v0.0.0-20161208181325-20d25e280405/go.mod h1:Co6ibVJAznAaIkqp8huTwlJQCZ016jof/cbN4VW5Yz0=
gopkg.in/check.v1 v1.0.0-20180628173108-788fd7840127/go.mod h1:Co6ibVJAznAaIkqp8huTwlJQCZ016jof/cbN4VW5Yz0=
gopkg.in/yaml.v3 v3.0.0-20200313102051-9f266ea9e77c/go.mod h1:K4uyk7z7BCEPqu6E+C64Yfv1cQ7kz7rIZviUmN+EgEM=
gopkg.in/yaml.v3 v3.0.1/go.mod h1:K4uyk7z7BCEPqu6E+C64Yfv1cQ7kz7rIZviUmN+EgEM=
